
Microsoft Visual Studio Solution File, Format Version 12.00
# Visual Studio Version 16
VisualStudioVersion = 25.0.1706.7
MinimumVisualStudioVersion = 10.0.40219.1
Project("{FAE04EC0-301F-11D3-BF4B-00C04F79EFBC}") = "SingleResponsibilityPrincipleDemoProject", "SingleResponsibilityPrincipleDemoProject\SingleResponsibilityPrincipleDemoProject.csproj", "{000AAB0E-A9CA-4DD6-BEDF-8117E50510A3}"
EndProject
Global
	GlobalSection(SolutionConfigurationPlatforms) = preSolution
		Debug|Any CPU = Debug|Any CPU
		Release|Any CPU = Release|Any CPU
	EndGlobalSection
	GlobalSection(ProjectConfigurationPlatforms) = postSolution
		{000AAB0E-A9CA-4DD6-BEDF-8117E50510A3}.Debug|Any CPU.ActiveCfg = Debug|Any CPU
		{000AAB0E-A9CA-4DD6-BEDF-8117E50510A3}.Debug|Any CPU.Build.0 = Debug|Any CPU
		{000AAB0E-A9CA-4DD6-BEDF-8117E50510A3}.Release|Any CPU.ActiveCfg = Release|Any CPU
		{000AAB0E-A9CA-4DD6-BEDF-8117E50510A3}.Release|Any CPU.Build.0 = Release|Any CPU
	EndGlobalSection
	GlobalSection(SolutionProperties) = preSolution
		HideSolutionNode = FALSE
	EndGlobalSection
	GlobalSection(ExtensibilityGlobals) = postSolution
		SolutionGuid = {EDADC4F2-FEE7-48E7-A5F7-7C45AA4C9BF1}
	EndGlobalSection
EndGlobal
